
Microsoft Visual Studio Solution File, Format Version 12.00
# Visual Studio 2013
VisualStudioVersion = 12.0.21005.1
MinimumVisualStudioVersion = 10.0.40219.1
Project("{FAE04EC0-301F-11D3-BF4B-00C04F79EFBC}") = "WeiXinWebApi", "WeiXinWebApi\WeiXinWebApi.csproj", "{5D6D82E0-8A75-4565-8F06-69D32E328A97}"
EndProject
Project("{FAE04EC0-301F-11D3-BF4B-00C04F79EFBC}") = "Rabbit.WeiXinWebApi", "Rabbit.WeiXinWebApi\Rabbit.WeiXinWebApi.csproj", "{A168F45A-FDEC-4172-B5C4-45D9E60123D1}"
EndProject
Global
	GlobalSection(TeamFoundationVersionControl) = preSolution
		SccNumberOfProjects = 3
		SccEnterpriseProvider = {4CA58AB2-18FA-4F8D-95D4-32DDF27D184C}
		SccTeamFoundationServer = https://tfs.codeplex.com/tfs/tfs17
		SccLocalPath0 = .
		SccProjectUniqueName1 = Rabbit.WeiXinWebApi\\Rabbit.WeiXinWebApi.csproj
		SccProjectName1 = Rabbit.WeiXinWebApi
		SccLocalPath1 = Rabbit.WeiXinWebApi
		SccProjectUniqueName2 = WeiXinWebApi\\WeiXinWebApi.csproj
		SccProjectName2 = WeiXinWebApi
		SccLocalPath2 = WeiXinWebApi
	EndGlobalSection
	GlobalSection(SolutionConfigurationPlatforms) = preSolution
		Debug|Any CPU = Debug|Any CPU
		Release|Any CPU = Release|Any CPU
	EndGlobalSection
	GlobalSection(ProjectConfigurationPlatforms) = postSolution
		{5D6D82E0-8A75-4565-8F06-69D32E328A97}.Debug|Any CPU.ActiveCfg = Debug|Any CPU
		{5D6D82E0-8A75-4565-8F06-69D32E328A97}.Debug|Any CPU.Build.0 = Debug|Any CPU
		{5D6D82E0-8A75-4565-8F06-69D32E328A97}.Release|Any CPU.ActiveCfg = Release|Any CPU
		{5D6D82E0-8A75-4565-8F06-69D32E328A97}.Release|Any CPU.Build.0 = Release|Any CPU
		{A168F45A-FDEC-4172-B5C4-45D9E60123D1}.Debug|Any CPU.ActiveCfg = Debug|Any CPU
		{A168F45A-FDEC-4172-B5C4-45D9E60123D1}.Debug|Any CPU.Build.0 = Debug|Any CPU
		{A168F45A-FDEC-4172-B5C4-45D9E60123D1}.Release|Any CPU.ActiveCfg = Release|Any CPU
		{A168F45A-FDEC-4172-B5C4-45D9E60123D1}.Release|Any CPU.Build.0 = Release|Any CPU
	EndGlobalSection
	GlobalSection(SolutionProperties) = preSolution
		HideSolutionNode = FALSE
	EndGlobalSection
EndGlobal
